
Microsoft Visual Studio Solution File, Format Version 12.00
# Visual Studio Version 17
VisualStudioVersion = 17.4.33213.308
MinimumVisualStudioVersion = 10.0.40219.1
Project("{FAE04EC0-301F-11D3-BF4B-00C04F79EFBC}") = "LivetScreenTransitionPractice", "LivetScreenTransitionPractice\LivetScreenTransitionPractice.csproj", "{24294056-01C2-4EF6-A2E9-3F9F6DAE725C}"
EndProject
Global
	GlobalSection(SolutionConfigurationPlatforms) = preSolution
		Debug|Any CPU = Debug|Any CPU
		Release|Any CPU = Release|Any CPU
	EndGlobalSection
	GlobalSection(ProjectConfigurationPlatforms) = postSolution
		{24294056-01C2-4EF6-A2E9-3F9F6DAE725C}.Debug|Any CPU.ActiveCfg = Debug|Any CPU
		{24294056-01C2-4EF6-A2E9-3F9F6DAE725C}.Debug|Any CPU.Build.0 = Debug|Any CPU
		{24294056-01C2-4EF6-A2E9-3F9F6DAE725C}.Release|Any CPU.ActiveCfg = Release|Any CPU
		{24294056-01C2-4EF6-A2E9-3F9F6DAE725C}.Release|Any CPU.Build.0 = Release|Any CPU
	EndGlobalSection
	GlobalSection(SolutionProperties) = preSolution
		HideSolutionNode = FALSE
	EndGlobalSection
	GlobalSection(ExtensibilityGlobals) = postSolution
		SolutionGuid = {90F067FC-6A42-436F-8C33-C01B844952E2}
	EndGlobalSection
EndGlobal
