
Microsoft Visual Studio Solution File, Format Version 12.00
# Visual Studio Version 17
VisualStudioVersion = 17.4.33213.308
MinimumVisualStudioVersion = 10.0.40219.1
Project("{FAE04EC0-301F-11D3-BF4B-00C04F79EFBC}") = "StylePractice", "StylePractice\StylePractice.csproj", "{0630D01B-2E54-4764-9D42-71AF639F6038}"
EndProject
Global
	GlobalSection(SolutionConfigurationPlatforms) = preSolution
		Debug|Any CPU = Debug|Any CPU
		Release|Any CPU = Release|Any CPU
	EndGlobalSection
	GlobalSection(ProjectConfigurationPlatforms) = postSolution
		{0630D01B-2E54-4764-9D42-71AF639F6038}.Debug|Any CPU.ActiveCfg = Debug|Any CPU
		{0630D01B-2E54-4764-9D42-71AF639F6038}.Debug|Any CPU.Build.0 = Debug|Any CPU
		{0630D01B-2E54-4764-9D42-71AF639F6038}.Release|Any CPU.ActiveCfg = Release|Any CPU
		{0630D01B-2E54-4764-9D42-71AF639F6038}.Release|Any CPU.Build.0 = Release|Any CPU
	EndGlobalSection
	GlobalSection(SolutionProperties) = preSolution
		HideSolutionNode = FALSE
	EndGlobalSection
	GlobalSection(ExtensibilityGlobals) = postSolution
		SolutionGuid = {F5CF2AA3-E5E7-4F9D-B1F8-87996817D209}
	EndGlobalSection
EndGlobal
